// !$*UTF8*$!
{
	archiveVersion = 1;
	classes = {
	};
	objectVersion = 50;
	objects = {

/* Begin PBXBuildFile section */
		D4918D2E256B3918009FFFE3 /* AppDelegate.swift in Sources */ = {isa = PBXBuildFile; fileRef = D4918D2D256B3918009FFFE3 /* AppDelegate.swift */; };
		D4918D30256B3918009FFFE3 /* SceneDelegate.swift in Sources */ = {isa = PBXBuildFile; fileRef = D4918D2F256B3918009FFFE3 /* SceneDelegate.swift */; };
		D4918D32256B3918009FFFE3 /* ViewController.swift in Sources */ = {isa = PBXBuildFile; fileRef = D4918D31256B3918009FFFE3 /* ViewController.swift */; };
		D4918D35256B3918009FFFE3 /* Main.storyboard in Resources */ = {isa = PBXBuildFile; fileRef = D4918D33256B3918009FFFE3 /* Main.storyboard */; };
		D4918D37256B391B009FFFE3 /* Assets.xcassets in Resources */ = {isa = PBXBuildFile; fileRef = D4918D36256B391B009FFFE3 /* Assets.xcassets */; };
		D4918D3A256B391B009FFFE3 /* LaunchScreen.storyboard in Resources */ = {isa = PBXBuildFile; fileRef = D4918D38256B391B009FFFE3 /* LaunchScreen.storyboard */; };
		D4918D45256B391C009FFFE3 /* tipTests.swift in Sources */ = {isa = PBXBuildFile; fileRef = D4918D44256B391C009FFFE3 /* tipTests.swift */; };
		D4918D50256B391C009FFFE3 /* tipUITests.swift in Sources */ = {isa = PBXBuildFile; fileRef = D4918D4F256B391C009FFFE3 /* tipUITests.swift */; };
/* End PBXBuildFile section */

/* Begin PBXContainerItemProxy section */
		D4918D41256B391C009FFFE3 /* PBXContainerItemProxy */ = {
			isa = PBXContainerItemProxy;
			containerPortal = D4918D22256B3918009FFFE3 /* Project object */;
			proxyType = 1;
			remoteGlobalIDString = D4918D29256B3918009FFFE3;
			remoteInfo = tip;
		};
		D4918D4C256B391C009FFFE3 /* PBXContainerItemProxy */ = {
			isa = PBXContainerItemProxy;
			containerPortal = D4918D22256B3918009FFFE3 /* Project object */;
			proxyType = 1;
			remoteGlobalIDString = D4918D29256B3918009FFFE3;
			remoteInfo = tip;
		};
/* End PBXContainerItemProxy section */

/* Begin PBXFileReference section */
		D4918D2A256B3918009FFFE3 /* tip.app */ = {isa = PBXFileReference; explicitFileType = wrapper.application; includeInIndex = 0; path = tip.app; sourceTree = BUILT_PRODUCTS_DIR; };
		D4918D2D256B3918009FFFE3 /* AppDelegate.swift */ = {isa = PBXFileReference; lastKnownFileType = sourcecode.swift; path = AppDelegate.swift; sourceTree = "<group>"; };
		D4918D2F256B3918009FFFE3 /* SceneDelegate.swift */ = {isa = PBXFileReference; lastKnownFileType = sourcecode.swift; path = SceneDelegate.swift; sourceTree = "<group>"; };
		D4918D31256B3918009FFFE3 /* ViewController.swift */ = {isa = PBXFileReference; lastKnownFileType = sourcecode.swift; path = ViewController.swift; sourceTree = "<group>"; };
		D4918D34256B3918009FFFE3 /* Base */ = {isa = PBXFileReference; lastKnownFileType = file.storyboard; name = Base; path = Base.lproj/Main.storyboard; sourceTree = "<group>"; };
		D4918D36256B391B009FFFE3 /* Assets.xcassets */ = {isa = PBXFileReference; lastKnownFileType = folder.assetcatalog; path = Assets.xcassets; sourceTree = "<group>"; };
		D4918D39256B391B009FFFE3 /* Base */ = {isa = PBXFileReference; lastKnownFileType = file.storyboard; name = Base; path = Base.lproj/LaunchScreen.storyboard; sourceTree = "<group>"; };
		D4918D3B256B391B009FFFE3 /* Info.plist */ = {isa = PBXFileReference; lastKnownFileType = text.plist.xml; path = Info.plist; sourceTree = "<group>"; };
		D4918D40256B391C009FFFE3 /* tipTests.xctest */ = {isa = PBXFileReference; explicitFileType = wrapper.cfbundle; includeInIndex = 0; path = tipTests.xctest; sourceTree = BUILT_PRODUCTS_DIR; };
		D4918D44256B391C009FFFE3 /* tipTests.swift */ = {isa = PBXFileReference; lastKnownFileType = sourcecode.swift; path = tipTests.swift; sourceTree = "<group>"; };
		D4918D46256B391C009FFFE3 /* Info.plist */ = {isa = PBXFileReference; lastKnownFileType = text.plist.xml; path = Info.plist; sourceTree = "<group>"; };
		D4918D4B256B391C009FFFE3 /* tipUITests.xctest */ = {isa = PBXFileReference; explicitFileType = wrapper.cfbundle; includeInIndex = 0; path = tipUITests.xctest; sourceTree = BUILT_PRODUCTS_DIR; };
		D4918D4F256B391C009FFFE3 /* tipUITests.swift */ = {isa = PBXFileReference; lastKnownFileType = sourcecode.swift; path = tipUITests.swift; sourceTree = "<group>"; };
		D4918D51256B391C009FFFE3 /* Info.plist */ = {isa = PBXFileReference; lastKnownFileType = text.plist.xml; path = Info.plist; sourceTree = "<group>"; };
/* End PBXFileReference section */

/* Begin PBXFrameworksBuildPhase section */
		D4918D27256B3918009FFFE3 /* Frameworks */ = {
			isa = PBXFrameworksBuildPhase;
			buildActionMask = 2147483647;
			files = (
			);
			runOnlyForDeploymentPostprocessing = 0;
		};
		D4918D3D256B391C009FFFE3 /* Frameworks */ = {
			isa = PBXFrameworksBuildPhase;
			buildActionMask = 2147483647;
			files = (
			);
			runOnlyForDeploymentPostprocessing = 0;
		};
		D4918D48256B391C009FFFE3 /* Frameworks */ = {
			isa = PBXFrameworksBuildPhase;
			buildActionMask = 2147483647;
			files = (
			);
			runOnlyForDeploymentPostprocessing = 0;
		};
/* End PBXFrameworksBuildPhase section */

/* Begin PBXGroup section */
		D4918D21256B3918009FFFE3 = {
			isa = PBXGroup;
			children = (
				D4918D2C256B3918009FFFE3 /* tip */,
				D4918D43256B391C009FFFE3 /* tipTests */,
				D4918D4E256B391C009FFFE3 /* tipUITests */,
				D4918D2B256B3918009FFFE3 /* Products */,
			);
			sourceTree = "<group>";
		};
		D4918D2B256B3918009FFFE3 /* Products */ = {
			isa = PBXGroup;
			children = (
				D4918D2A256B3918009FFFE3 /* tip.app */,
				D4918D40256B391C009FFFE3 /* tipTests.xctest */,
				D4918D4B256B391C009FFFE3 /* tipUITests.xctest */,
			);
			name = Products;
			sourceTree = "<group>";
		};
		D4918D2C256B3918009FFFE3 /* tip */ = {
			isa = PBXGroup;
			children = (
				D4918D2D256B3918009FFFE3 /* AppDelegate.swift */,
				D4918D2F256B3918009FFFE3 /* SceneDelegate.swift */,
				D4918D31256B3918009FFFE3 /* ViewController.swift */,
				D4918D33256B3918009FFFE3 /* Main.storyboard */,
				D4918D36256B391B009FFFE3 /* Assets.xcassets */,
				D4918D38256B391B009FFFE3 /* LaunchScreen.storyboard */,
				D4918D3B256B391B009FFFE3 /* Info.plist */,
			);
			path = tip;
			sourceTree = "<group>";
		};
		D4918D43256B391C009FFFE3 /* tipTests */ = {
			isa = PBXGroup;
			children = (
				D4918D44256B391C009FFFE3 /* tipTests.swift */,
				D4918D46256B391C009FFFE3 /* Info.plist */,
			);
			path = tipTests;
			sourceTree = "<group>";
		};
		D4918D4E256B391C009FFFE3 /* tipUITests */ = {
			isa = PBXGroup;
			children = (
				D4918D4F256B391C009FFFE3 /* tipUITests.swift */,
				D4918D51256B391C009FFFE3 /* Info.plist */,
			);
			path = tipUITests;
			sourceTree = "<group>";
		};
/* End PBXGroup section */

/* Begin PBXNativeTarget section */
		D4918D29256B3918009FFFE3 /* tip */ = {
			isa = PBXNativeTarget;
			buildConfigurationList = D4918D54256B391C009FFFE3 /* Build configuration list for PBXNativeTarget "tip" */;
			buildPhases = (
				D4918D26256B3918009FFFE3 /* Sources */,
				D4918D27256B3918009FFFE3 /* Frameworks */,
				D4918D28256B3918009FFFE3 /* Resources */,
			);
			buildRules = (
			);
			dependencies = (
			);
			name = tip;
			productName = tip;
			productReference = D4918D2A256B3918009FFFE3 /* tip.app */;
			productType = "com.apple.product-type.application";
		};
		D4918D3F256B391C009FFFE3 /* tipTests */ = {
			isa = PBXNativeTarget;
			buildConfigurationList = D4918D57256B391C009FFFE3 /* Build configuration list for PBXNativeTarget "tipTests" */;
			buildPhases = (
				D4918D3C256B391C009FFFE3 /* Sources */,
				D4918D3D256B391C009FFFE3 /* Frameworks */,
				D4918D3E256B391C009FFFE3 /* Resources */,
			);
			buildRules = (
			);
			dependencies = (
				D4918D42256B391C009FFFE3 /* PBXTargetDependency */,
			);
			name = tipTests;
			productName = tipTests;
			productReference = D4918D40256B391C009FFFE3 /* tipTests.xctest */;
			productType = "com.apple.product-type.bundle.unit-test";
		};
		D4918D4A256B391C009FFFE3 /* tipUITests */ = {
			isa = PBXNativeTarget;
			buildConfigurationList = D4918D5A256B391C009FFFE3 /* Build configuration list for PBXNativeTarget "tipUITests" */;
			buildPhases = (
				D4918D47256B391C009FFFE3 /* Sources */,
				D4918D48256B391C009FFFE3 /* Frameworks */,
				D4918D49256B391C009FFFE3 /* Resources */,
			);
			buildRules = (
			);
			dependencies = (
				D4918D4D256B391C009FFFE3 /* PBXTargetDependency */,
			);
			name = tipUITests;
			productName = tipUITests;
			productReference = D4918D4B256B391C009FFFE3 /* tipUITests.xctest */;
			productType = "com.apple.product-type.bundle.ui-testing";
		};
/* End PBXNativeTarget section */

/* Begin PBXProject section */
		D4918D22256B3918009FFFE3 /* Project object */ = {
			isa = PBXProject;
			attributes = {
				LastSwiftUpdateCheck = 1200;
				LastUpgradeCheck = 1200;
				TargetAttributes = {
					D4918D29256B3918009FFFE3 = {
						CreatedOnToolsVersion = 12.0.1;
					};
					D4918D3F256B391C009FFFE3 = {
						CreatedOnToolsVersion = 12.0.1;
						TestTargetID = D4918D29256B3918009FFFE3;
					};
					D4918D4A256B391C009FFFE3 = {
						CreatedOnToolsVersion = 12.0.1;
						TestTargetID = D4918D29256B3918009FFFE3;
					};
				};
			};
			buildConfigurationList = D4918D25256B3918009FFFE3 /* Build configuration list for PBXProject "tip" */;
			compatibilityVersion = "Xcode 9.3";
			developmentRegion = en;
			hasScannedForEncodings = 0;
			knownRegions = (
				en,
				Base,
			);
			mainGroup = D4918D21256B3918009FFFE3;
			productRefGroup = D4918D2B256B3918009FFFE3 /* Products */;
			projectDirPath = "";
			projectRoot = "";
			targets = (
				D4918D29256B3918009FFFE3 /* tip */,
				D4918D3F256B391C009FFFE3 /* tipTests */,
				D4918D4A256B391C009FFFE3 /* tipUITests */,
			);
		};
/* End PBXProject section */

/* Begin PBXResourcesBuildPhase section */
		D4918D28256B3918009FFFE3 /* Resources */ = {
			isa = PBXResourcesBuildPhase;
			buildActionMask = 2147483647;
			files = (
				D4918D3A256B391B009FFFE3 /* LaunchScreen.storyboard in Resources */,
				D4918D37256B391B009FFFE3 /* Assets.xcassets in Resources */,
				D4918D35256B3918009FFFE3 /* Main.storyboard in Resources */,
			);
			runOnlyForDeploymentPostprocessing = 0;
		};
		D4918D3E256B391C009FFFE3 /* Resources */ = {
			isa = PBXResourcesBuildPhase;
			buildActionMask = 2147483647;
			files = (
			);
			runOnlyForDeploymentPostprocessing = 0;
		};
		D4918D49256B391C009FFFE3 /* Resources */ = {
			isa = PBXResourcesBuildPhase;
			buildActionMask = 2147483647;
			files = (
			);
			runOnlyForDeploymentPostprocessing = 0;
		};
/* End PBXResourcesBuildPhase section */

/* Begin PBXSourcesBuildPhase section */
		D4918D26256B3918009FFFE3 /* Sources */ = {
			isa = PBXSourcesBuildPhase;
			buildActionMask = 2147483647;
			files = (
				D4918D32256B3918009FFFE3 /* ViewController.swift in Sources */,
				D4918D2E256B3918009FFFE3 /* AppDelegate.swift in Sources */,
				D4918D30256B3918009FFFE3 /* SceneDelegate.swift in Sources */,
			);
			runOnlyForDeploymentPostprocessing = 0;
		};
		D4918D3C256B391C009FFFE3 /* Sources */ = {
			isa = PBXSourcesBuildPhase;
			buildActionMask = 2147483647;
			files = (
				D4918D45256B391C009FFFE3 /* tipTests.swift in Sources */,
			);
			runOnlyForDeploymentPostprocessing = 0;
		};
		D4918D47256B391C009FFFE3 /* Sources */ = {
			isa = PBXSourcesBuildPhase;
			buildActionMask = 2147483647;
			files = (
				D4918D50256B391C009FFFE3 /* tipUITests.swift in Sources */,
			);
			runOnlyForDeploymentPostprocessing = 0;
		};
/* End PBXSourcesBuildPhase section */

/* Begin PBXTargetDependency section */
		D4918D42256B391C009FFFE3 /* PBXTargetDependency */ = {
			isa = PBXTargetDependency;
			target = D4918D29256B3918009FFFE3 /* tip */;
			targetProxy = D4918D41256B391C009FFFE3 /* PBXContainerItemProxy */;
		};
		D4918D4D256B391C009FFFE3 /* PBXTargetDependency */ = {
			isa = PBXTargetDependency;
			target = D4918D29256B3918009FFFE3 /* tip */;
			targetProxy = D4918D4C256B391C009FFFE3 /* PBXContainerItemProxy */;
		};
/* End PBXTargetDependency section */

/* Begin PBXVariantGroup section */
		D4918D33256B3918009FFFE3 /* Main.storyboard */ = {
			isa = PBXVariantGroup;
			children = (
				D4918D34256B3918009FFFE3 /* Base */,
			);
			name = Main.storyboard;
			sourceTree = "<group>";
		};
		D4918D38256B391B009FFFE3 /* LaunchScreen.storyboard */ = {
			isa = PBXVariantGroup;
			children = (
				D4918D39256B391B009FFFE3 /* Base */,
			);
			name = LaunchScreen.storyboard;
			sourceTree = "<group>";
		};
/* End PBXVariantGroup section */

/* Begin XCBuildConfiguration section */
		D4918D52256B391C009FFFE3 /* Debug */ = {
			isa = XCBuildConfiguration;
			buildSettings = {
				ALWAYS_SEARCH_USER_PATHS = NO;
				CLANG_ANALYZER_NONNULL = YES;
				CLANG_ANALYZER_NUMBER_OBJECT_CONVERSION = YES_AGGRESSIVE;
				CLANG_CXX_LANGUAGE_STANDARD = "gnu++14";
				CLANG_CXX_LIBRARY = "libc++";
				CLANG_ENABLE_MODULES = YES;
				CLANG_ENABLE_OBJC_ARC = YES;
				CLANG_ENABLE_OBJC_WEAK = YES;
				CLANG_WARN_BLOCK_CAPTURE_AUTORELEASING = YES;
				CLANG_WARN_BOOL_CONVERSION = YES;
				CLANG_WARN_COMMA = YES;
				CLANG_WARN_CONSTANT_CONVERSION = YES;
				CLANG_WARN_DEPRECATED_OBJC_IMPLEMENTATIONS = YES;
				CLANG_WARN_DIRECT_OBJC_ISA_USAGE = YES_ERROR;
				CLANG_WARN_DOCUMENTATION_COMMENTS = YES;
				CLANG_WARN_EMPTY_BODY = YES;
				CLANG_WARN_ENUM_CONVERSION = YES;
				CLANG_WARN_INFINITE_RECURSION = YES;
				CLANG_WARN_INT_CONVERSION = YES;
				CLANG_WARN_NON_LITERAL_NULL_CONVERSION = YES;
				CLANG_WARN_OBJC_IMPLICIT_RETAIN_SELF = YES;
				CLANG_WARN_OBJC_LITERAL_CONVERSION = YES;
				CLANG_WARN_OBJC_ROOT_CLASS = YES_ERROR;
				CLANG_WARN_QUOTED_INCLUDE_IN_FRAMEWORK_HEADER = YES;
				CLANG_WARN_RANGE_LOOP_ANALYSIS = YES;
				CLANG_WARN_STRICT_PROTOTYPES = YES;
				CLANG_WARN_SUSPICIOUS_MOVE = YES;
				CLANG_WARN_UNGUARDED_AVAILABILITY = YES_AGGRESSIVE;
				CLANG_WARN_UNREACHABLE_CODE = YES;
				CLANG_WARN__DUPLICATE_METHOD_MATCH = YES;
				COPY_PHASE_STRIP = NO;
				DEBUG_INFORMATION_FORMAT = dwarf;
				ENABLE_STRICT_OBJC_MSGSEND = YES;
				ENABLE_TESTABILITY = YES;
				GCC_C_LANGUAGE_STANDARD = gnu11;
				GCC_DYNAMIC_NO_PIC = NO;
				GCC_NO_COMMON_BLOCKS = YES;
				GCC_OPTIMIZATION_LEVEL = 0;
				GCC_PREPROCESSOR_DEFINITIONS = (
					"DEBUG=1",
					"$(inherited)",
				);
				GCC_WARN_64_TO_32_BIT_CONVERSION = YES;
				GCC_WARN_ABOUT_RETURN_TYPE = YES_ERROR;
				GCC_WARN_UNDECLARED_SELECTOR = YES;
				GCC_WARN_UNINITIALIZED_AUTOS = YES_AGGRESSIVE;
				GCC_WARN_UNUSED_FUNCTION = YES;
				GCC_WARN_UNUSED_VARIABLE = YES;
				IPHONEOS_DEPLOYMENT_TARGET = 14.0;
				MTL_ENABLE_DEBUG_INFO = INCLUDE_SOURCE;
				MTL_FAST_MATH = YES;
				ONLY_ACTIVE_ARCH = YES;
				SDKROOT = iphoneos;
				SWIFT_ACTIVE_COMPILATION_CONDITIONS = DEBUG;
				SWIFT_OPTIMIZATION_LEVEL = "-Onone";
			};
			name = Debug;
		};
		D4918D53256B391C009FFFE3 /* Release */ = {
			isa = XCBuildConfiguration;
			buildSettings = {
				ALWAYS_SEARCH_USER_PATHS = NO;
				CLANG_ANALYZER_NONNULL = YES;
				CLANG_ANALYZER_NUMBER_OBJECT_CONVERSION = YES_AGGRESSIVE;
				CLANG_CXX_LANGUAGE_STANDARD = "gnu++14";
				CLANG_CXX_LIBRARY = "libc++";
				CLANG_ENABLE_MODULES = YES;
				CLANG_ENABLE_OBJC_ARC = YES;
				CLANG_ENABLE_OBJC_WEAK = YES;
				CLANG_WARN_BLOCK_CAPTURE_AUTORELEASING = YES;
				CLANG_WARN_BOOL_CONVERSION = YES;
				CLANG_WARN_COMMA = YES;
				CLANG_WARN_CONSTANT_CONVERSION = YES;
				CLANG_WARN_DEPRECATED_OBJC_IMPLEMENTATIONS = YES;
				CLANG_WARN_DIRECT_OBJC_ISA_USAGE = YES_ERROR;
				CLANG_WARN_DOCUMENTATION_COMMENTS = YES;
				CLANG_WARN_EMPTY_BODY = YES;
				CLANG_WARN_ENUM_CONVERSION = YES;
				CLANG_WARN_INFINITE_RECURSION = YES;
				CLANG_WARN_INT_CONVERSION = YES;
				CLANG_WARN_NON_LITERAL_NULL_CONVERSION = YES;
				CLANG_WARN_OBJC_IMPLICIT_RETAIN_SELF = YES;
				CLANG_WARN_OBJC_LITERAL_CONVERSION = YES;
				CLANG_WARN_OBJC_ROOT_CLASS = YES_ERROR;
				CLANG_WARN_QUOTED_INCLUDE_IN_FRAMEWORK_HEADER = YES;
				CLANG_WARN_RANGE_LOOP_ANALYSIS = YES;
				CLANG_WARN_STRICT_PROTOTYPES = YES;
				CLANG_WARN_SUSPICIOUS_MOVE = YES;
				CLANG_WARN_UNGUARDED_AVAILABILITY = YES_AGGRESSIVE;
				CLANG_WARN_UNREACHABLE_CODE = YES;
				CLANG_WARN__DUPLICATE_METHOD_MATCH = YES;
				COPY_PHASE_STRIP = NO;
				DEBUG_INFORMATION_FORMAT = "dwarf-with-dsym";
				ENABLE_NS_ASSERTIONS = NO;
				ENABLE_STRICT_OBJC_MSGSEND = YES;
				GCC_C_LANGUAGE_STANDARD = gnu11;
				GCC_NO_COMMON_BLOCKS = YES;
				GCC_WARN_64_TO_32_BIT_CONVERSION = YES;
				GCC_WARN_ABOUT_RETURN_TYPE = YES_ERROR;
				GCC_WARN_UNDECLARED_SELECTOR = YES;
				GCC_WARN_UNINITIALIZED_AUTOS = YES_AGGRESSIVE;
				GCC_WARN_UNUSED_FUNCTION = YES;
				GCC_WARN_UNUSED_VARIABLE = YES;
				IPHONEOS_DEPLOYMENT_TARGET = 14.0;
				MTL_ENABLE_DEBUG_INFO = NO;
				MTL_FAST_MATH = YES;
				SDKROOT = iphoneos;
				SWIFT_COMPILATION_MODE = wholemodule;
				SWIFT_OPTIMIZATION_LEVEL = "-O";
				VALIDATE_PRODUCT = YES;
			};
			name = Release;
		};
		D4918D55256B391C009FFFE3 /* Debug */ = {
			isa = XCBuildConfiguration;
			buildSettings = {
				ASSETCATALOG_COMPILER_APPICON_NAME = AppIcon;
				ASSETCATALOG_COMPILER_GLOBAL_ACCENT_COLOR_NAME = AccentColor;
				CODE_SIGN_STYLE = Automatic;
				INFOPLIST_FILE = tip/Info.plist;
				LD_RUNPATH_SEARCH_PATHS = (
					"$(inherited)",
					"@executable_path/Frameworks",
				);
				PRODUCT_BUNDLE_IDENTIFIER = CodePath.tip;
				PRODUCT_NAME = "$(TARGET_NAME)";
				SWIFT_VERSION = 5.0;
				TARGETED_DEVICE_FAMILY = "1,2";
			};
			name = Debug;
		};
		D4918D56256B391C009FFFE3 /* Release */ = {
			isa = XCBuildConfiguration;
			buildSettings = {
				ASSETCATALOG_COMPILER_APPICON_NAME = AppIcon;
				ASSETCATALOG_COMPILER_GLOBAL_ACCENT_COLOR_NAME = AccentColor;
				CODE_SIGN_STYLE = Automatic;
				INFOPLIST_FILE = tip/Info.plist;
				LD_RUNPATH_SEARCH_PATHS = (
					"$(inherited)",
					"@executable_path/Frameworks",
				);
				PRODUCT_BUNDLE_IDENTIFIER = CodePath.tip;
				PRODUCT_NAME = "$(TARGET_NAME)";
				SWIFT_VERSION = 5.0;
				TARGETED_DEVICE_FAMILY = "1,2";
			};
			name = Release;
		};
		D4918D58256B391C009FFFE3 /* Debug */ = {
			isa = XCBuildConfiguration;
			buildSettings = {
				ALWAYS_EMBED_SWIFT_STANDARD_LIBRARIES = YES;
				BUNDLE_LOADER = "$(TEST_HOST)";
				CODE_SIGN_STYLE = Automatic;
				INFOPLIST_FILE = tipTests/Info.plist;
				IPHONEOS_DEPLOYMENT_TARGET = 14.0;
				LD_RUNPATH_SEARCH_PATHS = (
					"$(inherited)",
					"@executable_path/Frameworks",
					"@loader_path/Frameworks",
				);
				PRODUCT_BUNDLE_IDENTIFIER = CodePath.tipTests;
				PRODUCT_NAME = "$(TARGET_NAME)";
				SWIFT_VERSION = 5.0;
				TARGETED_DEVICE_FAMILY = "1,2";
				TEST_HOST = "$(BUILT_PRODUCTS_DIR)/tip.app/tip";
			};
			name = Debug;
		};
		D4918D59256B391C009FFFE3 /* Release */ = {
			isa = XCBuildConfiguration;
			buildSettings = {
				ALWAYS_EMBED_SWIFT_STANDARD_LIBRARIES = YES;
				BUNDLE_LOADER = "$(TEST_HOST)";
				CODE_SIGN_STYLE = Automatic;
				INFOPLIST_FILE = tipTests/Info.plist;
				IPHONEOS_DEPLOYMENT_TARGET = 14.0;
				LD_RUNPATH_SEARCH_PATHS = (
					"$(inherited)",
					"@executable_path/Frameworks",
					"@loader_path/Frameworks",
				);
				PRODUCT_BUNDLE_IDENTIFIER = CodePath.tipTests;
				PRODUCT_NAME = "$(TARGET_NAME)";
				SWIFT_VERSION = 5.0;
				TARGETED_DEVICE_FAMILY = "1,2";
				TEST_HOST = "$(BUILT_PRODUCTS_DIR)/tip.app/tip";
			};
			name = Release;
		};
		D4918D5B256B391C009FFFE3 /* Debug */ = {
			isa = XCBuildConfiguration;
			buildSettings = {
				ALWAYS_EMBED_SWIFT_STANDARD_LIBRARIES = YES;
				CODE_SIGN_STYLE = Automatic;
				INFOPLIST_FILE = tipUITests/Info.plist;
				LD_RUNPATH_SEARCH_PATHS = (
					"$(inherited)",
					"@executable_path/Frameworks",
					"@loader_path/Frameworks",
				);
				PRODUCT_BUNDLE_IDENTIFIER = CodePath.tipUITests;
				PRODUCT_NAME = "$(TARGET_NAME)";
				SWIFT_VERSION = 5.0;
				TARGETED_DEVICE_FAMILY = "1,2";
				TEST_TARGET_NAME = tip;
			};
			name = Debug;
		};
		D4918D5C256B391C009FFFE3 /* Release */ = {
			isa = XCBuildConfiguration;
			buildSettings = {
				ALWAYS_EMBED_SWIFT_STANDARD_LIBRARIES = YES;
				CODE_SIGN_STYLE = Automatic;
				INFOPLIST_FILE = tipUITests/Info.plist;
				LD_RUNPATH_SEARCH_PATHS = (
					"$(inherited)",
					"@executable_path/Frameworks",
					"@loader_path/Frameworks",
				);
				PRODUCT_BUNDLE_IDENTIFIER = CodePath.tipUITests;
				PRODUCT_NAME = "$(TARGET_NAME)";
				SWIFT_VERSION = 5.0;
				TARGETED_DEVICE_FAMILY = "1,2";
				TEST_TARGET_NAME = tip;
			};
			name = Release;
		};
/* End XCBuildConfiguration section */

/* Begin XCConfigurationList section */
		D4918D25256B3918009FFFE3 /* Build configuration list for PBXProject "tip" */ = {
			isa = XCConfigurationList;
			buildConfigurations = (
				D4918D52256B391C009FFFE3 /* Debug */,
				D4918D53256B391C009FFFE3 /* Release */,
			);
			defaultConfigurationIsVisible = 0;
			defaultConfigurationName = Release;
		};
		D4918D54256B391C009FFFE3 /* Build configuration list for PBXNativeTarget "tip" */ = {
			isa = XCConfigurationList;
			buildConfigurations = (
				D4918D55256B391C009FFFE3 /* Debug */,
				D4918D56256B391C009FFFE3 /* Release */,
			);
			defaultConfigurationIsVisible = 0;
			defaultConfigurationName = Release;
		};
		D4918D57256B391C009FFFE3 /* Build configuration list for PBXNativeTarget "tipTests" */ = {
			isa = XCConfigurationList;
			buildConfigurations = (
				D4918D58256B391C009FFFE3 /* Debug */,
				D4918D59256B391C009FFFE3 /* Release */,
			);
			defaultConfigurationIsVisible = 0;
			defaultConfigurationName = Release;
		};
		D4918D5A256B391C009FFFE3 /* Build configuration list for PBXNativeTarget "tipUITests" */ = {
			isa = XCConfigurationList;
			buildConfigurations = (
				D4918D5B256B391C009FFFE3 /* Debug */,
				D4918D5C256B391C009FFFE3 /* Release */,
			);
			defaultConfigurationIsVisible = 0;
			defaultConfigurationName = Release;
		};
/* End XCConfigurationList section */
	};
	rootObject = D4918D22256B3918009FFFE3 /* Project object */;
}
